// !$*UTF8*$!
{
	archiveVersion = 1;
	classes = {
	};
	objectVersion = 56;
	objects = {

/* Begin PBXBuildFile section */
		D3287CF62AC07AE7001E0A59 /* Colors.xcassets in Resources */ = {isa = PBXBuildFile; fileRef = D3287CF52AC07AE7001E0A59 /* Colors.xcassets */; };
		D3287CF92AC08E55001E0A59 /* Extensions.swift in Sources */ = {isa = PBXBuildFile; fileRef = D3287CF82AC08E55001E0A59 /* Extensions.swift */; };
		D3287CFD2AC0E6F5001E0A59 /* CampaignTest.json in Resources */ = {isa = PBXBuildFile; fileRef = D3287CFC2AC0E6F5001E0A59 /* CampaignTest.json */; };
		D3287CFF2AC0E71D001E0A59 /* RepositoryPreview.swift in Sources */ = {isa = PBXBuildFile; fileRef = D3287CFE2AC0E71D001E0A59 /* RepositoryPreview.swift */; };
		D33758982ABB997A00DFECEF /* CampaignListViewModel.swift in Sources */ = {isa = PBXBuildFile; fileRef = D33758972ABB997A00DFECEF /* CampaignListViewModel.swift */; };
		D337589B2ABB9D0000DFECEF /* CampaignCell.swift in Sources */ = {isa = PBXBuildFile; fileRef = D337589A2ABB9D0000DFECEF /* CampaignCell.swift */; };
		D35486E62AB98C9E00A3DFD0 /* CampaignModel.swift in Sources */ = {isa = PBXBuildFile; fileRef = D35486E52AB98C9E00A3DFD0 /* CampaignModel.swift */; };
		D35486E82AB9E98D00A3DFD0 /* CampaignListView.swift in Sources */ = {isa = PBXBuildFile; fileRef = D35486E72AB9E98D00A3DFD0 /* CampaignListView.swift */; };
		D35486ED2AB9EA7700A3DFD0 /* CreateCampaignViewModel.swift in Sources */ = {isa = PBXBuildFile; fileRef = D35486EC2AB9EA7700A3DFD0 /* CreateCampaignViewModel.swift */; };
		D35486F32AB9EDB700A3DFD0 /* CreateCampaignView.swift in Sources */ = {isa = PBXBuildFile; fileRef = D35486F22AB9EDB700A3DFD0 /* CreateCampaignView.swift */; };
		D35486F62AB9FC0600A3DFD0 /* CampaignRepository.swift in Sources */ = {isa = PBXBuildFile; fileRef = D35486F52AB9FC0600A3DFD0 /* CampaignRepository.swift */; };
		D35486F82ABA209500A3DFD0 /* CampaignsLogic.swift in Sources */ = {isa = PBXBuildFile; fileRef = D35486F72ABA209500A3DFD0 /* CampaignsLogic.swift */; };
		D3B613A22AB29F87007BFFF7 /* Dungeon_CrawlApp.swift in Sources */ = {isa = PBXBuildFile; fileRef = D3B613A12AB29F87007BFFF7 /* Dungeon_CrawlApp.swift */; };
		D3B613A42AB29F87007BFFF7 /* ContentView.swift in Sources */ = {isa = PBXBuildFile; fileRef = D3B613A32AB29F87007BFFF7 /* ContentView.swift */; };
		D3B613A62AB29F87007BFFF7 /* Item.swift in Sources */ = {isa = PBXBuildFile; fileRef = D3B613A52AB29F87007BFFF7 /* Item.swift */; };
		D3B613A82AB29F88007BFFF7 /* Assets.xcassets in Resources */ = {isa = PBXBuildFile; fileRef = D3B613A72AB29F88007BFFF7 /* Assets.xcassets */; };
		D3B613AB2AB29F88007BFFF7 /* Preview Assets.xcassets in Resources */ = {isa = PBXBuildFile; fileRef = D3B613AA2AB29F88007BFFF7 /* Preview Assets.xcassets */; };
/* End PBXBuildFile section */

/* Begin PBXFileReference section */
		D3287CF52AC07AE7001E0A59 /* Colors.xcassets */ = {isa = PBXFileReference; lastKnownFileType = folder.assetcatalog; path = Colors.xcassets; sourceTree = "<group>"; };
		D3287CF82AC08E55001E0A59 /* Extensions.swift */ = {isa = PBXFileReference; lastKnownFileType = sourcecode.swift; path = Extensions.swift; sourceTree = "<group>"; };
		D3287CFC2AC0E6F5001E0A59 /* CampaignTest.json */ = {isa = PBXFileReference; fileEncoding = 4; lastKnownFileType = text.json; path = CampaignTest.json; sourceTree = "<group>"; };
		D3287CFE2AC0E71D001E0A59 /* RepositoryPreview.swift */ = {isa = PBXFileReference; lastKnownFileType = sourcecode.swift; path = RepositoryPreview.swift; sourceTree = "<group>"; };
		D33758972ABB997A00DFECEF /* CampaignListViewModel.swift */ = {isa = PBXFileReference; lastKnownFileType = sourcecode.swift; path = CampaignListViewModel.swift; sourceTree = "<group>"; };
		D337589A2ABB9D0000DFECEF /* CampaignCell.swift */ = {isa = PBXFileReference; lastKnownFileType = sourcecode.swift; path = CampaignCell.swift; sourceTree = "<group>"; };
		D35486E52AB98C9E00A3DFD0 /* CampaignModel.swift */ = {isa = PBXFileReference; lastKnownFileType = sourcecode.swift; path = CampaignModel.swift; sourceTree = "<group>"; };
		D35486E72AB9E98D00A3DFD0 /* CampaignListView.swift */ = {isa = PBXFileReference; lastKnownFileType = sourcecode.swift; path = CampaignListView.swift; sourceTree = "<group>"; };
		D35486EC2AB9EA7700A3DFD0 /* CreateCampaignViewModel.swift */ = {isa = PBXFileReference; lastKnownFileType = sourcecode.swift; path = CreateCampaignViewModel.swift; sourceTree = "<group>"; };
		D35486F22AB9EDB700A3DFD0 /* CreateCampaignView.swift */ = {isa = PBXFileReference; lastKnownFileType = sourcecode.swift; path = CreateCampaignView.swift; sourceTree = "<group>"; };
		D35486F52AB9FC0600A3DFD0 /* CampaignRepository.swift */ = {isa = PBXFileReference; lastKnownFileType = sourcecode.swift; path = CampaignRepository.swift; sourceTree = "<group>"; };
		D35486F72ABA209500A3DFD0 /* CampaignsLogic.swift */ = {isa = PBXFileReference; lastKnownFileType = sourcecode.swift; path = CampaignsLogic.swift; sourceTree = "<group>"; };
		D3B6139E2AB29F87007BFFF7 /* Dungeon Crawl.app */ = {isa = PBXFileReference; explicitFileType = wrapper.application; includeInIndex = 0; path = "Dungeon Crawl.app"; sourceTree = BUILT_PRODUCTS_DIR; };
		D3B613A12AB29F87007BFFF7 /* Dungeon_CrawlApp.swift */ = {isa = PBXFileReference; lastKnownFileType = sourcecode.swift; path = Dungeon_CrawlApp.swift; sourceTree = "<group>"; };
		D3B613A32AB29F87007BFFF7 /* ContentView.swift */ = {isa = PBXFileReference; lastKnownFileType = sourcecode.swift; path = ContentView.swift; sourceTree = "<group>"; };
		D3B613A52AB29F87007BFFF7 /* Item.swift */ = {isa = PBXFileReference; lastKnownFileType = sourcecode.swift; path = Item.swift; sourceTree = "<group>"; };
		D3B613A72AB29F88007BFFF7 /* Assets.xcassets */ = {isa = PBXFileReference; lastKnownFileType = folder.assetcatalog; path = Assets.xcassets; sourceTree = "<group>"; };
		D3B613AA2AB29F88007BFFF7 /* Preview Assets.xcassets */ = {isa = PBXFileReference; lastKnownFileType = folder.assetcatalog; path = "Preview Assets.xcassets"; sourceTree = "<group>"; };
/* End PBXFileReference section */

/* Begin PBXFrameworksBuildPhase section */
		D3B6139B2AB29F87007BFFF7 /* Frameworks */ = {
			isa = PBXFrameworksBuildPhase;
			buildActionMask = 2147483647;
			files = (
			);
			runOnlyForDeploymentPostprocessing = 0;
		};
/* End PBXFrameworksBuildPhase section */

/* Begin PBXGroup section */
		D3287CF72AC08E27001E0A59 /* Helpers */ = {
			isa = PBXGroup;
			children = (
				D3287CF82AC08E55001E0A59 /* Extensions.swift */,
			);
			name = Helpers;
			sourceTree = "<group>";
		};
		D33758992ABB9CEA00DFECEF /* Components */ = {
			isa = PBXGroup;
			children = (
				D337589A2ABB9D0000DFECEF /* CampaignCell.swift */,
			);
			name = Components;
			sourceTree = "<group>";
		};
		D35486EA2AB9E9FF00A3DFD0 /* Features */ = {
			isa = PBXGroup;
			children = (
				D3B613A12AB29F87007BFFF7 /* Dungeon_CrawlApp.swift */,
				D35486EE2AB9ED5000A3DFD0 /* Campaign */,
			);
			name = Features;
			sourceTree = "<group>";
		};
		D35486EE2AB9ED5000A3DFD0 /* Campaign */ = {
			isa = PBXGroup;
			children = (
				D35486F42AB9FBD900A3DFD0 /* Repository */,
				D35486EF2AB9ED6500A3DFD0 /* Views */,
				D33758992ABB9CEA00DFECEF /* Components */,
				D35486F92ABA20FF00A3DFD0 /* ModelLogic */,
				D35486F02AB9ED6C00A3DFD0 /* ViewModels */,
				D35486F12AB9ED8200A3DFD0 /* Models */,
			);
			name = Campaign;
			sourceTree = "<group>";
		};
		D35486EF2AB9ED6500A3DFD0 /* Views */ = {
			isa = PBXGroup;
			children = (
				D35486E72AB9E98D00A3DFD0 /* CampaignListView.swift */,
				D35486F22AB9EDB700A3DFD0 /* CreateCampaignView.swift */,
			);
			name = Views;
			sourceTree = "<group>";
		};
		D35486F02AB9ED6C00A3DFD0 /* ViewModels */ = {
			isa = PBXGroup;
			children = (
				D35486EC2AB9EA7700A3DFD0 /* CreateCampaignViewModel.swift */,
				D33758972ABB997A00DFECEF /* CampaignListViewModel.swift */,
			);
			name = ViewModels;
			sourceTree = "<group>";
		};
		D35486F12AB9ED8200A3DFD0 /* Models */ = {
			isa = PBXGroup;
			children = (
				D35486E52AB98C9E00A3DFD0 /* CampaignModel.swift */,
			);
			name = Models;
			sourceTree = "<group>";
		};
		D35486F42AB9FBD900A3DFD0 /* Repository */ = {
			isa = PBXGroup;
			children = (
				D35486F52AB9FC0600A3DFD0 /* CampaignRepository.swift */,
			);
			name = Repository;
			sourceTree = "<group>";
		};
		D35486F92ABA20FF00A3DFD0 /* ModelLogic */ = {
			isa = PBXGroup;
			children = (
				D35486F72ABA209500A3DFD0 /* CampaignsLogic.swift */,
			);
			name = ModelLogic;
			sourceTree = "<group>";
		};
		D3B613952AB29F87007BFFF7 = {
			isa = PBXGroup;
			children = (
				D3B613A02AB29F87007BFFF7 /* Dungeon Crawl */,
				D3B6139F2AB29F87007BFFF7 /* Products */,
			);
			sourceTree = "<group>";
		};
		D3B6139F2AB29F87007BFFF7 /* Products */ = {
			isa = PBXGroup;
			children = (
				D3B6139E2AB29F87007BFFF7 /* Dungeon Crawl.app */,
			);
			name = Products;
			sourceTree = "<group>";
		};
		D3B613A02AB29F87007BFFF7 /* Dungeon Crawl */ = {
			isa = PBXGroup;
			children = (
				D35486EA2AB9E9FF00A3DFD0 /* Features */,
				D3B613A32AB29F87007BFFF7 /* ContentView.swift */,
				D3287CF72AC08E27001E0A59 /* Helpers */,
				D3C538622AB8B43D00C0C1E9 /* System */,
				D3B613A52AB29F87007BFFF7 /* Item.swift */,
				D3B613A92AB29F88007BFFF7 /* Preview Content */,
			);
			path = "Dungeon Crawl";
			sourceTree = "<group>";
		};
		D3B613A92AB29F88007BFFF7 /* Preview Content */ = {
			isa = PBXGroup;
			children = (
				D3287CFC2AC0E6F5001E0A59 /* CampaignTest.json */,
				D3B613AA2AB29F88007BFFF7 /* Preview Assets.xcassets */,
				D3287CFE2AC0E71D001E0A59 /* RepositoryPreview.swift */,
			);
			path = "Preview Content";
			sourceTree = "<group>";
		};
		D3C538622AB8B43D00C0C1E9 /* System */ = {
			isa = PBXGroup;
			children = (
				D3B613A72AB29F88007BFFF7 /* Assets.xcassets */,
				D3287CF52AC07AE7001E0A59 /* Colors.xcassets */,
			);
			name = System;
			sourceTree = "<group>";
		};
/* End PBXGroup section */

/* Begin PBXNativeTarget section */
		D3B6139D2AB29F87007BFFF7 /* Dungeon Crawl */ = {
			isa = PBXNativeTarget;
			buildConfigurationList = D3B613AE2AB29F88007BFFF7 /* Build configuration list for PBXNativeTarget "Dungeon Crawl" */;
			buildPhases = (
				D3B6139A2AB29F87007BFFF7 /* Sources */,
				D3B6139B2AB29F87007BFFF7 /* Frameworks */,
				D3B6139C2AB29F87007BFFF7 /* Resources */,
			);
			buildRules = (
			);
			dependencies = (
			);
			name = "Dungeon Crawl";
			productName = "Dungeon Crawl";
			productReference = D3B6139E2AB29F87007BFFF7 /* Dungeon Crawl.app */;
			productType = "com.apple.product-type.application";
		};
/* End PBXNativeTarget section */

/* Begin PBXProject section */
		D3B613962AB29F87007BFFF7 /* Project object */ = {
			isa = PBXProject;
			attributes = {
				BuildIndependentTargetsInParallel = 1;
				LastSwiftUpdateCheck = 1500;
				LastUpgradeCheck = 1500;
				TargetAttributes = {
					D3B6139D2AB29F87007BFFF7 = {
						CreatedOnToolsVersion = 15.0;
					};
				};
			};
			buildConfigurationList = D3B613992AB29F87007BFFF7 /* Build configuration list for PBXProject "Dungeon Crawl" */;
			compatibilityVersion = "Xcode 14.0";
			developmentRegion = en;
			hasScannedForEncodings = 0;
			knownRegions = (
				en,
				Base,
			);
			mainGroup = D3B613952AB29F87007BFFF7;
			productRefGroup = D3B6139F2AB29F87007BFFF7 /* Products */;
			projectDirPath = "";
			projectRoot = "";
			targets = (
				D3B6139D2AB29F87007BFFF7 /* Dungeon Crawl */,
			);
		};
/* End PBXProject section */

/* Begin PBXResourcesBuildPhase section */
		D3B6139C2AB29F87007BFFF7 /* Resources */ = {
			isa = PBXResourcesBuildPhase;
			buildActionMask = 2147483647;
			files = (
				D3287CF62AC07AE7001E0A59 /* Colors.xcassets in Resources */,
				D3287CFD2AC0E6F5001E0A59 /* CampaignTest.json in Resources */,
				D3B613AB2AB29F88007BFFF7 /* Preview Assets.xcassets in Resources */,
				D3B613A82AB29F88007BFFF7 /* Assets.xcassets in Resources */,
			);
			runOnlyForDeploymentPostprocessing = 0;
		};
/* End PBXResourcesBuildPhase section */

/* Begin PBXSourcesBuildPhase section */
		D3B6139A2AB29F87007BFFF7 /* Sources */ = {
			isa = PBXSourcesBuildPhase;
			buildActionMask = 2147483647;
			files = (
				D3B613A42AB29F87007BFFF7 /* ContentView.swift in Sources */,
				D35486F32AB9EDB700A3DFD0 /* CreateCampaignView.swift in Sources */,
				D33758982ABB997A00DFECEF /* CampaignListViewModel.swift in Sources */,
				D3B613A62AB29F87007BFFF7 /* Item.swift in Sources */,
				D337589B2ABB9D0000DFECEF /* CampaignCell.swift in Sources */,
				D35486F62AB9FC0600A3DFD0 /* CampaignRepository.swift in Sources */,
				D35486F82ABA209500A3DFD0 /* CampaignsLogic.swift in Sources */,
				D3287CFF2AC0E71D001E0A59 /* RepositoryPreview.swift in Sources */,
				D3287CF92AC08E55001E0A59 /* Extensions.swift in Sources */,
				D3B613A22AB29F87007BFFF7 /* Dungeon_CrawlApp.swift in Sources */,
				D35486E62AB98C9E00A3DFD0 /* CampaignModel.swift in Sources */,
				D35486ED2AB9EA7700A3DFD0 /* CreateCampaignViewModel.swift in Sources */,
				D35486E82AB9E98D00A3DFD0 /* CampaignListView.swift in Sources */,
			);
			runOnlyForDeploymentPostprocessing = 0;
		};
/* End PBXSourcesBuildPhase section */

/* Begin XCBuildConfiguration section */
		D3B613AC2AB29F88007BFFF7 /* Debug */ = {
			isa = XCBuildConfiguration;
			buildSettings = {
				ALWAYS_SEARCH_USER_PATHS = NO;
				ASSETCATALOG_COMPILER_GENERATE_SWIFT_ASSET_SYMBOL_EXTENSIONS = YES;
				CLANG_ANALYZER_NONNULL = YES;
				CLANG_ANALYZER_NUMBER_OBJECT_CONVERSION = YES_AGGRESSIVE;
				CLANG_CXX_LANGUAGE_STANDARD = "gnu++20";
				CLANG_ENABLE_MODULES = YES;
				CLANG_ENABLE_OBJC_ARC = YES;
				CLANG_ENABLE_OBJC_WEAK = YES;
				CLANG_WARN_BLOCK_CAPTURE_AUTORELEASING = YES;
				CLANG_WARN_BOOL_CONVERSION = YES;
				CLANG_WARN_COMMA = YES;
				CLANG_WARN_CONSTANT_CONVERSION = YES;
				CLANG_WARN_DEPRECATED_OBJC_IMPLEMENTATIONS = YES;
				CLANG_WARN_DIRECT_OBJC_ISA_USAGE = YES_ERROR;
				CLANG_WARN_DOCUMENTATION_COMMENTS = YES;
				CLANG_WARN_EMPTY_BODY = YES;
				CLANG_WARN_ENUM_CONVERSION = YES;
				CLANG_WARN_INFINITE_RECURSION = YES;
				CLANG_WARN_INT_CONVERSION = YES;
				CLANG_WARN_NON_LITERAL_NULL_CONVERSION = YES;
				CLANG_WARN_OBJC_IMPLICIT_RETAIN_SELF = YES;
				CLANG_WARN_OBJC_LITERAL_CONVERSION = YES;
				CLANG_WARN_OBJC_ROOT_CLASS = YES_ERROR;
				CLANG_WARN_QUOTED_INCLUDE_IN_FRAMEWORK_HEADER = YES;
				CLANG_WARN_RANGE_LOOP_ANALYSIS = YES;
				CLANG_WARN_STRICT_PROTOTYPES = YES;
				CLANG_WARN_SUSPICIOUS_MOVE = YES;
				CLANG_WARN_UNGUARDED_AVAILABILITY = YES_AGGRESSIVE;
				CLANG_WARN_UNREACHABLE_CODE = YES;
				CLANG_WARN__DUPLICATE_METHOD_MATCH = YES;
				COPY_PHASE_STRIP = NO;
				DEBUG_INFORMATION_FORMAT = dwarf;
				ENABLE_STRICT_OBJC_MSGSEND = YES;
				ENABLE_TESTABILITY = YES;
				ENABLE_USER_SCRIPT_SANDBOXING = YES;
				GCC_C_LANGUAGE_STANDARD = gnu17;
				GCC_DYNAMIC_NO_PIC = NO;
				GCC_NO_COMMON_BLOCKS = YES;
				GCC_OPTIMIZATION_LEVEL = 0;
				GCC_PREPROCESSOR_DEFINITIONS = (
					"DEBUG=1",
					"$(inherited)",
				);
				GCC_WARN_64_TO_32_BIT_CONVERSION = YES;
				GCC_WARN_ABOUT_RETURN_TYPE = YES_ERROR;
				GCC_WARN_UNDECLARED_SELECTOR = YES;
				GCC_WARN_UNINITIALIZED_AUTOS = YES_AGGRESSIVE;
				GCC_WARN_UNUSED_FUNCTION = YES;
				GCC_WARN_UNUSED_VARIABLE = YES;
				IPHONEOS_DEPLOYMENT_TARGET = 17.0;
				LOCALIZATION_PREFERS_STRING_CATALOGS = YES;
				MTL_ENABLE_DEBUG_INFO = INCLUDE_SOURCE;
				MTL_FAST_MATH = YES;
				ONLY_ACTIVE_ARCH = YES;
				SDKROOT = iphoneos;
				SWIFT_ACTIVE_COMPILATION_CONDITIONS = "DEBUG $(inherited)";
				SWIFT_OPTIMIZATION_LEVEL = "-Onone";
			};
			name = Debug;
		};
		D3B613AD2AB29F88007BFFF7 /* Release */ = {
			isa = XCBuildConfiguration;
			buildSettings = {
				ALWAYS_SEARCH_USER_PATHS = NO;
				ASSETCATALOG_COMPILER_GENERATE_SWIFT_ASSET_SYMBOL_EXTENSIONS = YES;
				CLANG_ANALYZER_NONNULL = YES;
				CLANG_ANALYZER_NUMBER_OBJECT_CONVERSION = YES_AGGRESSIVE;
				CLANG_CXX_LANGUAGE_STANDARD = "gnu++20";
				CLANG_ENABLE_MODULES = YES;
				CLANG_ENABLE_OBJC_ARC = YES;
				CLANG_ENABLE_OBJC_WEAK = YES;
				CLANG_WARN_BLOCK_CAPTURE_AUTORELEASING = YES;
				CLANG_WARN_BOOL_CONVERSION = YES;
				CLANG_WARN_COMMA = YES;
				CLANG_WARN_CONSTANT_CONVERSION = YES;
				CLANG_WARN_DEPRECATED_OBJC_IMPLEMENTATIONS = YES;
				CLANG_WARN_DIRECT_OBJC_ISA_USAGE = YES_ERROR;
				CLANG_WARN_DOCUMENTATION_COMMENTS = YES;
				CLANG_WARN_EMPTY_BODY = YES;
				CLANG_WARN_ENUM_CONVERSION = YES;
				CLANG_WARN_INFINITE_RECURSION = YES;
				CLANG_WARN_INT_CONVERSION = YES;
				CLANG_WARN_NON_LITERAL_NULL_CONVERSION = YES;
				CLANG_WARN_OBJC_IMPLICIT_RETAIN_SELF = YES;
				CLANG_WARN_OBJC_LITERAL_CONVERSION = YES;
				CLANG_WARN_OBJC_ROOT_CLASS = YES_ERROR;
				CLANG_WARN_QUOTED_INCLUDE_IN_FRAMEWORK_HEADER = YES;
				CLANG_WARN_RANGE_LOOP_ANALYSIS = YES;
				CLANG_WARN_STRICT_PROTOTYPES = YES;
				CLANG_WARN_SUSPICIOUS_MOVE = YES;
				CLANG_WARN_UNGUARDED_AVAILABILITY = YES_AGGRESSIVE;
				CLANG_WARN_UNREACHABLE_CODE = YES;
				CLANG_WARN__DUPLICATE_METHOD_MATCH = YES;
				COPY_PHASE_STRIP = NO;
				DEBUG_INFORMATION_FORMAT = "dwarf-with-dsym";
				ENABLE_NS_ASSERTIONS = NO;
				ENABLE_STRICT_OBJC_MSGSEND = YES;
				ENABLE_USER_SCRIPT_SANDBOXING = YES;
				GCC_C_LANGUAGE_STANDARD = gnu17;
				GCC_NO_COMMON_BLOCKS = YES;
				GCC_WARN_64_TO_32_BIT_CONVERSION = YES;
				GCC_WARN_ABOUT_RETURN_TYPE = YES_ERROR;
				GCC_WARN_UNDECLARED_SELECTOR = YES;
				GCC_WARN_UNINITIALIZED_AUTOS = YES_AGGRESSIVE;
				GCC_WARN_UNUSED_FUNCTION = YES;
				GCC_WARN_UNUSED_VARIABLE = YES;
				IPHONEOS_DEPLOYMENT_TARGET = 17.0;
				LOCALIZATION_PREFERS_STRING_CATALOGS = YES;
				MTL_ENABLE_DEBUG_INFO = NO;
				MTL_FAST_MATH = YES;
				SDKROOT = iphoneos;
				SWIFT_COMPILATION_MODE = wholemodule;
				VALIDATE_PRODUCT = YES;
			};
			name = Release;
		};
		D3B613AF2AB29F88007BFFF7 /* Debug */ = {
			isa = XCBuildConfiguration;
			buildSettings = {
				ASSETCATALOG_COMPILER_APPICON_NAME = AppIcon;
				ASSETCATALOG_COMPILER_GLOBAL_ACCENT_COLOR_NAME = AccentColor;
				CODE_SIGN_STYLE = Automatic;
				CURRENT_PROJECT_VERSION = 1;
				DEVELOPMENT_ASSET_PATHS = "\"Dungeon Crawl/Preview Content\"";
				DEVELOPMENT_TEAM = BK28MGPK85;
				ENABLE_PREVIEWS = YES;
				GENERATE_INFOPLIST_FILE = YES;
				INFOPLIST_KEY_UIApplicationSceneManifest_Generation = YES;
				INFOPLIST_KEY_UIApplicationSupportsIndirectInputEvents = YES;
				INFOPLIST_KEY_UILaunchScreen_Generation = YES;
				INFOPLIST_KEY_UISupportedInterfaceOrientations_iPad = "UIInterfaceOrientationPortrait UIInterfaceOrientationPortraitUpsideDown UIInterfaceOrientationLandscapeLeft UIInterfaceOrientationLandscapeRight";
				INFOPLIST_KEY_UISupportedInterfaceOrientations_iPhone = "UIInterfaceOrientationPortrait UIInterfaceOrientationLandscapeLeft UIInterfaceOrientationLandscapeRight";
				LD_RUNPATH_SEARCH_PATHS = (
					"$(inherited)",
					"@executable_path/Frameworks",
				);
				MARKETING_VERSION = 1.0;
				PRODUCT_BUNDLE_IDENTIFIER = "com.monicagalan.Dungeon-Crawl";
				PRODUCT_NAME = "$(TARGET_NAME)";
				SWIFT_EMIT_LOC_STRINGS = YES;
				SWIFT_VERSION = 5.0;
				TARGETED_DEVICE_FAMILY = "1,2";
			};
			name = Debug;
		};
		D3B613B02AB29F88007BFFF7 /* Release */ = {
			isa = XCBuildConfiguration;
			buildSettings = {
				ASSETCATALOG_COMPILER_APPICON_NAME = AppIcon;
				ASSETCATALOG_COMPILER_GLOBAL_ACCENT_COLOR_NAME = AccentColor;
				CODE_SIGN_STYLE = Automatic;
				CURRENT_PROJECT_VERSION = 1;
				DEVELOPMENT_ASSET_PATHS = "\"Dungeon Crawl/Preview Content\"";
				DEVELOPMENT_TEAM = BK28MGPK85;
				ENABLE_PREVIEWS = YES;
				GENERATE_INFOPLIST_FILE = YES;
				INFOPLIST_KEY_UIApplicationSceneManifest_Generation = YES;
				INFOPLIST_KEY_UIApplicationSupportsIndirectInputEvents = YES;
				INFOPLIST_KEY_UILaunchScreen_Generation = YES;
				INFOPLIST_KEY_UISupportedInterfaceOrientations_iPad = "UIInterfaceOrientationPortrait UIInterfaceOrientationPortraitUpsideDown UIInterfaceOrientationLandscapeLeft UIInterfaceOrientationLandscapeRight";
				INFOPLIST_KEY_UISupportedInterfaceOrientations_iPhone = "UIInterfaceOrientationPortrait UIInterfaceOrientationLandscapeLeft UIInterfaceOrientationLandscapeRight";
				LD_RUNPATH_SEARCH_PATHS = (
					"$(inherited)",
					"@executable_path/Frameworks",
				);
				MARKETING_VERSION = 1.0;
				PRODUCT_BUNDLE_IDENTIFIER = "com.monicagalan.Dungeon-Crawl";
				PRODUCT_NAME = "$(TARGET_NAME)";
				SWIFT_EMIT_LOC_STRINGS = YES;
				SWIFT_VERSION = 5.0;
				TARGETED_DEVICE_FAMILY = "1,2";
			};
			name = Release;
		};
/* End XCBuildConfiguration section */

/* Begin XCConfigurationList section */
		D3B613992AB29F87007BFFF7 /* Build configuration list for PBXProject "Dungeon Crawl" */ = {
			isa = XCConfigurationList;
			buildConfigurations = (
				D3B613AC2AB29F88007BFFF7 /* Debug */,
				D3B613AD2AB29F88007BFFF7 /* Release */,
			);
			defaultConfigurationIsVisible = 0;
			defaultConfigurationName = Release;
		};
		D3B613AE2AB29F88007BFFF7 /* Build configuration list for PBXNativeTarget "Dungeon Crawl" */ = {
			isa = XCConfigurationList;
			buildConfigurations = (
				D3B613AF2AB29F88007BFFF7 /* Debug */,
				D3B613B02AB29F88007BFFF7 /* Release */,
			);
			defaultConfigurationIsVisible = 0;
			defaultConfigurationName = Release;
		};
/* End XCConfigurationList section */
	};
	rootObject = D3B613962AB29F87007BFFF7 /* Project object */;
}
