// !$*UTF8*$!
{
	archiveVersion = 1;
	classes = {
	};
	objectVersion = 56;
	objects = {

/* Begin PBXBuildFile section */
		D3037FBF2AD1D15400E661BF /* CreatePlayerView.swift in Sources */ = {isa = PBXBuildFile; fileRef = D3037FBE2AD1D15400E661BF /* CreatePlayerView.swift */; };
		D3037FC32AD1D53A00E661BF /* CreatePlayerViewModel.swift in Sources */ = {isa = PBXBuildFile; fileRef = D3037FC22AD1D53A00E661BF /* CreatePlayerViewModel.swift */; };
		D3037FC72AD1E84E00E661BF /* CustomSlider.swift in Sources */ = {isa = PBXBuildFile; fileRef = D3037FC62AD1E84E00E661BF /* CustomSlider.swift */; };
		D3037FC92AD1EA6700E661BF /* MainTextField.swift in Sources */ = {isa = PBXBuildFile; fileRef = D3037FC82AD1EA6700E661BF /* MainTextField.swift */; };
		D30C05EF2AFD9474003DEA49 /* UpdateCampaignViewModel.swift in Sources */ = {isa = PBXBuildFile; fileRef = D30C05EE2AFD9473003DEA49 /* UpdateCampaignViewModel.swift */; };
		D3120BE72B0AE357004E9C9B /* IconRace.xcassets in Resources */ = {isa = PBXBuildFile; fileRef = D3120BE62B0AE357004E9C9B /* IconRace.xcassets */; };
		D316C1022ADBFEED00BFB761 /* CustomMultipleTextField.swift in Sources */ = {isa = PBXBuildFile; fileRef = D316C1012ADBFEED00BFB761 /* CustomMultipleTextField.swift */; };
		D317E92F2AC84A7E00D6D158 /* Encounter.swift in Sources */ = {isa = PBXBuildFile; fileRef = D317E92E2AC84A7E00D6D158 /* Encounter.swift */; };
		D317E9312AC84B2D00D6D158 /* Player.swift in Sources */ = {isa = PBXBuildFile; fileRef = D317E9302AC84B2D00D6D158 /* Player.swift */; };
		D317E9332AC84B7E00D6D158 /* NPC.swift in Sources */ = {isa = PBXBuildFile; fileRef = D317E9322AC84B7E00D6D158 /* NPC.swift */; };
		D3287CF62AC07AE7001E0A59 /* Colors.xcassets in Resources */ = {isa = PBXBuildFile; fileRef = D3287CF52AC07AE7001E0A59 /* Colors.xcassets */; };
		D3287CF92AC08E55001E0A59 /* Extensions.swift in Sources */ = {isa = PBXBuildFile; fileRef = D3287CF82AC08E55001E0A59 /* Extensions.swift */; };
		D3287CFD2AC0E6F5001E0A59 /* CampaignTest.json in Resources */ = {isa = PBXBuildFile; fileRef = D3287CFC2AC0E6F5001E0A59 /* CampaignTest.json */; };
		D3287CFF2AC0E71D001E0A59 /* PreviewSampleData.swift in Sources */ = {isa = PBXBuildFile; fileRef = D3287CFE2AC0E71D001E0A59 /* PreviewSampleData.swift */; };
		D337589B2ABB9D0000DFECEF /* CampaignCell.swift in Sources */ = {isa = PBXBuildFile; fileRef = D337589A2ABB9D0000DFECEF /* CampaignCell.swift */; };
		D33BF1DF2AC883470071F901 /* DetailCampaignView.swift in Sources */ = {isa = PBXBuildFile; fileRef = D33BF1DE2AC883470071F901 /* DetailCampaignView.swift */; };
		D3407A022AF31A270021B590 /* DetailPlayerView.swift in Sources */ = {isa = PBXBuildFile; fileRef = D3407A012AF31A270021B590 /* DetailPlayerView.swift */; };
		D35486E62AB98C9E00A3DFD0 /* Campaign.swift in Sources */ = {isa = PBXBuildFile; fileRef = D35486E52AB98C9E00A3DFD0 /* Campaign.swift */; };
		D35486E82AB9E98D00A3DFD0 /* CampaignListView.swift in Sources */ = {isa = PBXBuildFile; fileRef = D35486E72AB9E98D00A3DFD0 /* CampaignListView.swift */; };
		D35486ED2AB9EA7700A3DFD0 /* CreateCampaignViewModel.swift in Sources */ = {isa = PBXBuildFile; fileRef = D35486EC2AB9EA7700A3DFD0 /* CreateCampaignViewModel.swift */; };
		D35486F32AB9EDB700A3DFD0 /* CreateCampaignView.swift in Sources */ = {isa = PBXBuildFile; fileRef = D35486F22AB9EDB700A3DFD0 /* CreateCampaignView.swift */; };
		D35B40D12AF5CADC00C89CB7 /* UpdateCampaignView.swift in Sources */ = {isa = PBXBuildFile; fileRef = D35B40D02AF5CADC00C89CB7 /* UpdateCampaignView.swift */; };
		D3755E452B0B97A50076B786 /* IconAlignment.xcassets in Resources */ = {isa = PBXBuildFile; fileRef = D3755E442B0B97A50076B786 /* IconAlignment.xcassets */; };
		D39ED15D2AD329A50079B3B1 /* IconClass.xcassets in Resources */ = {isa = PBXBuildFile; fileRef = D39ED15C2AD329A50079B3B1 /* IconClass.xcassets */; };
		D3AEA7272AE5354E00757993 /* PlayerCell.swift in Sources */ = {isa = PBXBuildFile; fileRef = D3AEA7262AE5354E00757993 /* PlayerCell.swift */; };
		D3B613A22AB29F87007BFFF7 /* Dungeon_CrawlApp.swift in Sources */ = {isa = PBXBuildFile; fileRef = D3B613A12AB29F87007BFFF7 /* Dungeon_CrawlApp.swift */; };
		D3B613A82AB29F88007BFFF7 /* Assets.xcassets in Resources */ = {isa = PBXBuildFile; fileRef = D3B613A72AB29F88007BFFF7 /* Assets.xcassets */; };
		D3B613AB2AB29F88007BFFF7 /* Preview Assets.xcassets in Resources */ = {isa = PBXBuildFile; fileRef = D3B613AA2AB29F88007BFFF7 /* Preview Assets.xcassets */; };
		D3BB37D32AE54145005DA57B /* Styles.swift in Sources */ = {isa = PBXBuildFile; fileRef = D3BB37D22AE54145005DA57B /* Styles.swift */; };
		D3BFBF432B09651F0068A6A9 /* CreateNpcViewModel.swift in Sources */ = {isa = PBXBuildFile; fileRef = D3BFBF422B09651F0068A6A9 /* CreateNpcViewModel.swift */; };
		D3BFBF452B0975C80068A6A9 /* Home.swift in Sources */ = {isa = PBXBuildFile; fileRef = D3BFBF442B0975C80068A6A9 /* Home.swift */; };
		D3CAE0162B01585600BF03BF /* PlayerCampaignListView.swift in Sources */ = {isa = PBXBuildFile; fileRef = D3CAE0152B01585600BF03BF /* PlayerCampaignListView.swift */; };
		D3CAE01C2B0169DB00BF03BF /* Tab.swift in Sources */ = {isa = PBXBuildFile; fileRef = D3CAE01B2B0169DB00BF03BF /* Tab.swift */; };
		D3CAE01E2B016E6400BF03BF /* NpcCampaignListView.swift in Sources */ = {isa = PBXBuildFile; fileRef = D3CAE01D2B016E6400BF03BF /* NpcCampaignListView.swift */; };
		D3CAE0202B016E9100BF03BF /* EncounterCampaignListView.swift in Sources */ = {isa = PBXBuildFile; fileRef = D3CAE01F2B016E9100BF03BF /* EncounterCampaignListView.swift */; };
		D3CAE0222B01907200BF03BF /* CreateNpcView.swift in Sources */ = {isa = PBXBuildFile; fileRef = D3CAE0212B01907200BF03BF /* CreateNpcView.swift */; };
		D3F90AB12B0E5EE600C1D9AB /* NpcCell.swift in Sources */ = {isa = PBXBuildFile; fileRef = D3F90AB02B0E5EE500C1D9AB /* NpcCell.swift */; };
		D3F90AB52B0E640A00C1D9AB /* NpcView.swift in Sources */ = {isa = PBXBuildFile; fileRef = D3F90AB42B0E640A00C1D9AB /* NpcView.swift */; };
/* End PBXBuildFile section */

/* Begin PBXFileReference section */
		D3037FBE2AD1D15400E661BF /* CreatePlayerView.swift */ = {isa = PBXFileReference; lastKnownFileType = sourcecode.swift; path = CreatePlayerView.swift; sourceTree = "<group>"; };
		D3037FC22AD1D53A00E661BF /* CreatePlayerViewModel.swift */ = {isa = PBXFileReference; lastKnownFileType = sourcecode.swift; path = CreatePlayerViewModel.swift; sourceTree = "<group>"; };
		D3037FC62AD1E84E00E661BF /* CustomSlider.swift */ = {isa = PBXFileReference; lastKnownFileType = sourcecode.swift; path = CustomSlider.swift; sourceTree = "<group>"; };
		D3037FC82AD1EA6700E661BF /* MainTextField.swift */ = {isa = PBXFileReference; lastKnownFileType = sourcecode.swift; path = MainTextField.swift; sourceTree = "<group>"; };
		D30C05EE2AFD9473003DEA49 /* UpdateCampaignViewModel.swift */ = {isa = PBXFileReference; lastKnownFileType = sourcecode.swift; path = UpdateCampaignViewModel.swift; sourceTree = "<group>"; };
		D3120BE62B0AE357004E9C9B /* IconRace.xcassets */ = {isa = PBXFileReference; lastKnownFileType = folder.assetcatalog; path = IconRace.xcassets; sourceTree = "<group>"; };
		D316C1012ADBFEED00BFB761 /* CustomMultipleTextField.swift */ = {isa = PBXFileReference; lastKnownFileType = sourcecode.swift; path = CustomMultipleTextField.swift; sourceTree = "<group>"; };
		D317E92E2AC84A7E00D6D158 /* Encounter.swift */ = {isa = PBXFileReference; lastKnownFileType = sourcecode.swift; path = Encounter.swift; sourceTree = "<group>"; };
		D317E9302AC84B2D00D6D158 /* Player.swift */ = {isa = PBXFileReference; lastKnownFileType = sourcecode.swift; path = Player.swift; sourceTree = "<group>"; };
		D317E9322AC84B7E00D6D158 /* NPC.swift */ = {isa = PBXFileReference; lastKnownFileType = sourcecode.swift; path = NPC.swift; sourceTree = "<group>"; };
		D3287CF52AC07AE7001E0A59 /* Colors.xcassets */ = {isa = PBXFileReference; lastKnownFileType = folder.assetcatalog; path = Colors.xcassets; sourceTree = "<group>"; };
		D3287CF82AC08E55001E0A59 /* Extensions.swift */ = {isa = PBXFileReference; lastKnownFileType = sourcecode.swift; path = Extensions.swift; sourceTree = "<group>"; };
		D3287CFC2AC0E6F5001E0A59 /* CampaignTest.json */ = {isa = PBXFileReference; fileEncoding = 4; lastKnownFileType = text.json; path = CampaignTest.json; sourceTree = "<group>"; };
		D3287CFE2AC0E71D001E0A59 /* PreviewSampleData.swift */ = {isa = PBXFileReference; lastKnownFileType = sourcecode.swift; path = PreviewSampleData.swift; sourceTree = "<group>"; };
		D337589A2ABB9D0000DFECEF /* CampaignCell.swift */ = {isa = PBXFileReference; lastKnownFileType = sourcecode.swift; path = CampaignCell.swift; sourceTree = "<group>"; };
		D33BF1DE2AC883470071F901 /* DetailCampaignView.swift */ = {isa = PBXFileReference; lastKnownFileType = sourcecode.swift; path = DetailCampaignView.swift; sourceTree = "<group>"; };
		D3407A012AF31A270021B590 /* DetailPlayerView.swift */ = {isa = PBXFileReference; lastKnownFileType = sourcecode.swift; path = DetailPlayerView.swift; sourceTree = "<group>"; };
		D35486E52AB98C9E00A3DFD0 /* Campaign.swift */ = {isa = PBXFileReference; lastKnownFileType = sourcecode.swift; path = Campaign.swift; sourceTree = "<group>"; };
		D35486E72AB9E98D00A3DFD0 /* CampaignListView.swift */ = {isa = PBXFileReference; lastKnownFileType = sourcecode.swift; path = CampaignListView.swift; sourceTree = "<group>"; };
		D35486EC2AB9EA7700A3DFD0 /* CreateCampaignViewModel.swift */ = {isa = PBXFileReference; lastKnownFileType = sourcecode.swift; path = CreateCampaignViewModel.swift; sourceTree = "<group>"; };
		D35486F22AB9EDB700A3DFD0 /* CreateCampaignView.swift */ = {isa = PBXFileReference; lastKnownFileType = sourcecode.swift; path = CreateCampaignView.swift; sourceTree = "<group>"; };
		D35B40D02AF5CADC00C89CB7 /* UpdateCampaignView.swift */ = {isa = PBXFileReference; lastKnownFileType = sourcecode.swift; path = UpdateCampaignView.swift; sourceTree = "<group>"; };
		D3755E442B0B97A50076B786 /* IconAlignment.xcassets */ = {isa = PBXFileReference; lastKnownFileType = folder.assetcatalog; path = IconAlignment.xcassets; sourceTree = "<group>"; };
		D39ED15C2AD329A50079B3B1 /* IconClass.xcassets */ = {isa = PBXFileReference; lastKnownFileType = folder.assetcatalog; path = IconClass.xcassets; sourceTree = "<group>"; };
		D3AEA7262AE5354E00757993 /* PlayerCell.swift */ = {isa = PBXFileReference; lastKnownFileType = sourcecode.swift; path = PlayerCell.swift; sourceTree = "<group>"; };
		D3B6139E2AB29F87007BFFF7 /* Dungeon Crawl.app */ = {isa = PBXFileReference; explicitFileType = wrapper.application; includeInIndex = 0; path = "Dungeon Crawl.app"; sourceTree = BUILT_PRODUCTS_DIR; };
		D3B613A12AB29F87007BFFF7 /* Dungeon_CrawlApp.swift */ = {isa = PBXFileReference; lastKnownFileType = sourcecode.swift; path = Dungeon_CrawlApp.swift; sourceTree = "<group>"; };
		D3B613A72AB29F88007BFFF7 /* Assets.xcassets */ = {isa = PBXFileReference; lastKnownFileType = folder.assetcatalog; path = Assets.xcassets; sourceTree = "<group>"; };
		D3B613AA2AB29F88007BFFF7 /* Preview Assets.xcassets */ = {isa = PBXFileReference; lastKnownFileType = folder.assetcatalog; path = "Preview Assets.xcassets"; sourceTree = "<group>"; };
		D3BB37D22AE54145005DA57B /* Styles.swift */ = {isa = PBXFileReference; lastKnownFileType = sourcecode.swift; path = Styles.swift; sourceTree = "<group>"; };
		D3BFBF422B09651F0068A6A9 /* CreateNpcViewModel.swift */ = {isa = PBXFileReference; lastKnownFileType = sourcecode.swift; path = CreateNpcViewModel.swift; sourceTree = "<group>"; };
		D3BFBF442B0975C80068A6A9 /* Home.swift */ = {isa = PBXFileReference; lastKnownFileType = sourcecode.swift; path = Home.swift; sourceTree = "<group>"; };
		D3CAE0152B01585600BF03BF /* PlayerCampaignListView.swift */ = {isa = PBXFileReference; lastKnownFileType = sourcecode.swift; path = PlayerCampaignListView.swift; sourceTree = "<group>"; };
		D3CAE01B2B0169DB00BF03BF /* Tab.swift */ = {isa = PBXFileReference; lastKnownFileType = sourcecode.swift; path = Tab.swift; sourceTree = "<group>"; };
		D3CAE01D2B016E6400BF03BF /* NpcCampaignListView.swift */ = {isa = PBXFileReference; lastKnownFileType = sourcecode.swift; path = NpcCampaignListView.swift; sourceTree = "<group>"; };
		D3CAE01F2B016E9100BF03BF /* EncounterCampaignListView.swift */ = {isa = PBXFileReference; lastKnownFileType = sourcecode.swift; path = EncounterCampaignListView.swift; sourceTree = "<group>"; };
		D3CAE0212B01907200BF03BF /* CreateNpcView.swift */ = {isa = PBXFileReference; lastKnownFileType = sourcecode.swift; path = CreateNpcView.swift; sourceTree = "<group>"; };
		D3F90AB02B0E5EE500C1D9AB /* NpcCell.swift */ = {isa = PBXFileReference; lastKnownFileType = sourcecode.swift; path = NpcCell.swift; sourceTree = "<group>"; };
		D3F90AB42B0E640A00C1D9AB /* NpcView.swift */ = {isa = PBXFileReference; lastKnownFileType = sourcecode.swift; path = NpcView.swift; sourceTree = "<group>"; };
/* End PBXFileReference section */

/* Begin PBXFrameworksBuildPhase section */
		D3B6139B2AB29F87007BFFF7 /* Frameworks */ = {
			isa = PBXFrameworksBuildPhase;
			buildActionMask = 2147483647;
			files = (
			);
			runOnlyForDeploymentPostprocessing = 0;
		};
/* End PBXFrameworksBuildPhase section */

/* Begin PBXGroup section */
		D3287CF72AC08E27001E0A59 /* Helpers */ = {
			isa = PBXGroup;
			children = (
				D3287CF82AC08E55001E0A59 /* Extensions.swift */,
				D3BB37D22AE54145005DA57B /* Styles.swift */,
			);
			name = Helpers;
			sourceTree = "<group>";
		};
		D33758992ABB9CEA00DFECEF /* Components */ = {
			isa = PBXGroup;
			children = (
				D3037FC62AD1E84E00E661BF /* CustomSlider.swift */,
				D3037FC82AD1EA6700E661BF /* MainTextField.swift */,
				D316C1012ADBFEED00BFB761 /* CustomMultipleTextField.swift */,
			);
			name = Components;
			sourceTree = "<group>";
		};
		D35486EA2AB9E9FF00A3DFD0 /* Features */ = {
			isa = PBXGroup;
			children = (
				D3B613A12AB29F87007BFFF7 /* Dungeon_CrawlApp.swift */,
				D35486EE2AB9ED5000A3DFD0 /* Campaign */,
			);
			name = Features;
			sourceTree = "<group>";
		};
		D35486EE2AB9ED5000A3DFD0 /* Campaign */ = {
			isa = PBXGroup;
			children = (
				D35486EF2AB9ED6500A3DFD0 /* Views */,
				D33758992ABB9CEA00DFECEF /* Components */,
				D35486F02AB9ED6C00A3DFD0 /* ViewModels */,
				D35486F12AB9ED8200A3DFD0 /* Models */,
			);
			name = Campaign;
			sourceTree = "<group>";
		};
		D35486EF2AB9ED6500A3DFD0 /* Views */ = {
			isa = PBXGroup;
			children = (
				D3BFBF442B0975C80068A6A9 /* Home.swift */,
				D3CAE0142B01581D00BF03BF /* Campaign */,
				D397C2EE2B02C1C3005B2736 /* Player */,
				D3BFBF402B0964720068A6A9 /* NPC */,
				D3BFBF412B0964980068A6A9 /* Encounter */,
			);
			name = Views;
			sourceTree = "<group>";
		};
		D35486F02AB9ED6C00A3DFD0 /* ViewModels */ = {
			isa = PBXGroup;
			children = (
				D35486EC2AB9EA7700A3DFD0 /* CreateCampaignViewModel.swift */,
				D3037FC22AD1D53A00E661BF /* CreatePlayerViewModel.swift */,
				D3BFBF422B09651F0068A6A9 /* CreateNpcViewModel.swift */,
				D30C05EE2AFD9473003DEA49 /* UpdateCampaignViewModel.swift */,
			);
			name = ViewModels;
			sourceTree = "<group>";
		};
		D35486F12AB9ED8200A3DFD0 /* Models */ = {
			isa = PBXGroup;
			children = (
				D35486E52AB98C9E00A3DFD0 /* Campaign.swift */,
				D317E92E2AC84A7E00D6D158 /* Encounter.swift */,
				D317E9302AC84B2D00D6D158 /* Player.swift */,
				D317E9322AC84B7E00D6D158 /* NPC.swift */,
				D3CAE01B2B0169DB00BF03BF /* Tab.swift */,
			);
			name = Models;
			sourceTree = "<group>";
		};
		D397C2EE2B02C1C3005B2736 /* Player */ = {
			isa = PBXGroup;
			children = (
				D3037FBE2AD1D15400E661BF /* CreatePlayerView.swift */,
				D3CAE0152B01585600BF03BF /* PlayerCampaignListView.swift */,
				D3407A012AF31A270021B590 /* DetailPlayerView.swift */,
				D3AEA7262AE5354E00757993 /* PlayerCell.swift */,
			);
			name = Player;
			sourceTree = "<group>";
		};
		D3B613952AB29F87007BFFF7 = {
			isa = PBXGroup;
			children = (
				D3B613A02AB29F87007BFFF7 /* Dungeon Crawl */,
				D3B6139F2AB29F87007BFFF7 /* Products */,
			);
			sourceTree = "<group>";
		};
		D3B6139F2AB29F87007BFFF7 /* Products */ = {
			isa = PBXGroup;
			children = (
				D3B6139E2AB29F87007BFFF7 /* Dungeon Crawl.app */,
			);
			name = Products;
			sourceTree = "<group>";
		};
		D3B613A02AB29F87007BFFF7 /* Dungeon Crawl */ = {
			isa = PBXGroup;
			children = (
				D35486EA2AB9E9FF00A3DFD0 /* Features */,
				D3287CF72AC08E27001E0A59 /* Helpers */,
				D3C538622AB8B43D00C0C1E9 /* System */,
				D3B613A92AB29F88007BFFF7 /* Preview Content */,
			);
			path = "Dungeon Crawl";
			sourceTree = "<group>";
		};
		D3B613A92AB29F88007BFFF7 /* Preview Content */ = {
			isa = PBXGroup;
			children = (
				D3287CFC2AC0E6F5001E0A59 /* CampaignTest.json */,
				D3B613AA2AB29F88007BFFF7 /* Preview Assets.xcassets */,
				D3287CFE2AC0E71D001E0A59 /* PreviewSampleData.swift */,
			);
			path = "Preview Content";
			sourceTree = "<group>";
		};
		D3BFBF402B0964720068A6A9 /* NPC */ = {
			isa = PBXGroup;
			children = (
				D3F90AB42B0E640A00C1D9AB /* NpcView.swift */,
				D3CAE0212B01907200BF03BF /* CreateNpcView.swift */,
				D3CAE01D2B016E6400BF03BF /* NpcCampaignListView.swift */,
				D3F90AB02B0E5EE500C1D9AB /* NpcCell.swift */,
			);
			name = NPC;
			sourceTree = "<group>";
		};
		D3BFBF412B0964980068A6A9 /* Encounter */ = {
			isa = PBXGroup;
			children = (
				D3CAE01F2B016E9100BF03BF /* EncounterCampaignListView.swift */,
			);
			name = Encounter;
			sourceTree = "<group>";
		};
		D3C538622AB8B43D00C0C1E9 /* System */ = {
			isa = PBXGroup;
			children = (
				D3B613A72AB29F88007BFFF7 /* Assets.xcassets */,
				D3287CF52AC07AE7001E0A59 /* Colors.xcassets */,
				D39ED15C2AD329A50079B3B1 /* IconClass.xcassets */,
				D3120BE62B0AE357004E9C9B /* IconRace.xcassets */,
				D3755E442B0B97A50076B786 /* IconAlignment.xcassets */,
			);
			name = System;
			sourceTree = "<group>";
		};
		D3CAE0142B01581D00BF03BF /* Campaign */ = {
			isa = PBXGroup;
			children = (
				D35486F22AB9EDB700A3DFD0 /* CreateCampaignView.swift */,
				D35486E72AB9E98D00A3DFD0 /* CampaignListView.swift */,
				D33BF1DE2AC883470071F901 /* DetailCampaignView.swift */,
				D35B40D02AF5CADC00C89CB7 /* UpdateCampaignView.swift */,
				D337589A2ABB9D0000DFECEF /* CampaignCell.swift */,
			);
			name = Campaign;
			sourceTree = "<group>";
		};
/* End PBXGroup section */

/* Begin PBXNativeTarget section */
		D3B6139D2AB29F87007BFFF7 /* Dungeon Crawl */ = {
			isa = PBXNativeTarget;
			buildConfigurationList = D3B613AE2AB29F88007BFFF7 /* Build configuration list for PBXNativeTarget "Dungeon Crawl" */;
			buildPhases = (
				D3B6139A2AB29F87007BFFF7 /* Sources */,
				D3B6139B2AB29F87007BFFF7 /* Frameworks */,
				D3B6139C2AB29F87007BFFF7 /* Resources */,
			);
			buildRules = (
			);
			dependencies = (
			);
			name = "Dungeon Crawl";
			productName = "Dungeon Crawl";
			productReference = D3B6139E2AB29F87007BFFF7 /* Dungeon Crawl.app */;
			productType = "com.apple.product-type.application";
		};
/* End PBXNativeTarget section */

/* Begin PBXProject section */
		D3B613962AB29F87007BFFF7 /* Project object */ = {
			isa = PBXProject;
			attributes = {
				BuildIndependentTargetsInParallel = 1;
				LastSwiftUpdateCheck = 1500;
				LastUpgradeCheck = 1500;
				TargetAttributes = {
					D3B6139D2AB29F87007BFFF7 = {
						CreatedOnToolsVersion = 15.0;
					};
				};
			};
			buildConfigurationList = D3B613992AB29F87007BFFF7 /* Build configuration list for PBXProject "Dungeon Crawl" */;
			compatibilityVersion = "Xcode 14.0";
			developmentRegion = en;
			hasScannedForEncodings = 0;
			knownRegions = (
				en,
				Base,
			);
			mainGroup = D3B613952AB29F87007BFFF7;
			productRefGroup = D3B6139F2AB29F87007BFFF7 /* Products */;
			projectDirPath = "";
			projectRoot = "";
			targets = (
				D3B6139D2AB29F87007BFFF7 /* Dungeon Crawl */,
			);
		};
/* End PBXProject section */

/* Begin PBXResourcesBuildPhase section */
		D3B6139C2AB29F87007BFFF7 /* Resources */ = {
			isa = PBXResourcesBuildPhase;
			buildActionMask = 2147483647;
			files = (
				D3755E452B0B97A50076B786 /* IconAlignment.xcassets in Resources */,
				D3287CF62AC07AE7001E0A59 /* Colors.xcassets in Resources */,
				D3287CFD2AC0E6F5001E0A59 /* CampaignTest.json in Resources */,
				D39ED15D2AD329A50079B3B1 /* IconClass.xcassets in Resources */,
				D3B613AB2AB29F88007BFFF7 /* Preview Assets.xcassets in Resources */,
				D3B613A82AB29F88007BFFF7 /* Assets.xcassets in Resources */,
				D3120BE72B0AE357004E9C9B /* IconRace.xcassets in Resources */,
			);
			runOnlyForDeploymentPostprocessing = 0;
		};
/* End PBXResourcesBuildPhase section */

/* Begin PBXSourcesBuildPhase section */
		D3B6139A2AB29F87007BFFF7 /* Sources */ = {
			isa = PBXSourcesBuildPhase;
			buildActionMask = 2147483647;
			files = (
				D3CAE01E2B016E6400BF03BF /* NpcCampaignListView.swift in Sources */,
				D317E9312AC84B2D00D6D158 /* Player.swift in Sources */,
				D33BF1DF2AC883470071F901 /* DetailCampaignView.swift in Sources */,
				D35486F32AB9EDB700A3DFD0 /* CreateCampaignView.swift in Sources */,
				D337589B2ABB9D0000DFECEF /* CampaignCell.swift in Sources */,
				D3037FBF2AD1D15400E661BF /* CreatePlayerView.swift in Sources */,
				D3BB37D32AE54145005DA57B /* Styles.swift in Sources */,
				D30C05EF2AFD9474003DEA49 /* UpdateCampaignViewModel.swift in Sources */,
				D3CAE01C2B0169DB00BF03BF /* Tab.swift in Sources */,
				D3287CFF2AC0E71D001E0A59 /* PreviewSampleData.swift in Sources */,
				D3CAE0202B016E9100BF03BF /* EncounterCampaignListView.swift in Sources */,
				D3287CF92AC08E55001E0A59 /* Extensions.swift in Sources */,
				D3CAE0162B01585600BF03BF /* PlayerCampaignListView.swift in Sources */,
				D316C1022ADBFEED00BFB761 /* CustomMultipleTextField.swift in Sources */,
				D317E92F2AC84A7E00D6D158 /* Encounter.swift in Sources */,
				D3F90AB52B0E640A00C1D9AB /* NpcView.swift in Sources */,
				D317E9332AC84B7E00D6D158 /* NPC.swift in Sources */,
				D3037FC72AD1E84E00E661BF /* CustomSlider.swift in Sources */,
				D3037FC32AD1D53A00E661BF /* CreatePlayerViewModel.swift in Sources */,
				D3AEA7272AE5354E00757993 /* PlayerCell.swift in Sources */,
				D35B40D12AF5CADC00C89CB7 /* UpdateCampaignView.swift in Sources */,
				D3407A022AF31A270021B590 /* DetailPlayerView.swift in Sources */,
				D3F90AB12B0E5EE600C1D9AB /* NpcCell.swift in Sources */,
				D3BFBF452B0975C80068A6A9 /* Home.swift in Sources */,
				D3B613A22AB29F87007BFFF7 /* Dungeon_CrawlApp.swift in Sources */,
				D3037FC92AD1EA6700E661BF /* MainTextField.swift in Sources */,
				D35486E62AB98C9E00A3DFD0 /* Campaign.swift in Sources */,
				D3BFBF432B09651F0068A6A9 /* CreateNpcViewModel.swift in Sources */,
				D35486ED2AB9EA7700A3DFD0 /* CreateCampaignViewModel.swift in Sources */,
				D3CAE0222B01907200BF03BF /* CreateNpcView.swift in Sources */,
				D35486E82AB9E98D00A3DFD0 /* CampaignListView.swift in Sources */,
			);
			runOnlyForDeploymentPostprocessing = 0;
		};
/* End PBXSourcesBuildPhase section */

/* Begin XCBuildConfiguration section */
		D3B613AC2AB29F88007BFFF7 /* Debug */ = {
			isa = XCBuildConfiguration;
			buildSettings = {
				ALWAYS_SEARCH_USER_PATHS = NO;
				ASSETCATALOG_COMPILER_GENERATE_SWIFT_ASSET_SYMBOL_EXTENSIONS = YES;
				CLANG_ANALYZER_NONNULL = YES;
				CLANG_ANALYZER_NUMBER_OBJECT_CONVERSION = YES_AGGRESSIVE;
				CLANG_CXX_LANGUAGE_STANDARD = "gnu++20";
				CLANG_ENABLE_MODULES = YES;
				CLANG_ENABLE_OBJC_ARC = YES;
				CLANG_ENABLE_OBJC_WEAK = YES;
				CLANG_WARN_BLOCK_CAPTURE_AUTORELEASING = YES;
				CLANG_WARN_BOOL_CONVERSION = YES;
				CLANG_WARN_COMMA = YES;
				CLANG_WARN_CONSTANT_CONVERSION = YES;
				CLANG_WARN_DEPRECATED_OBJC_IMPLEMENTATIONS = YES;
				CLANG_WARN_DIRECT_OBJC_ISA_USAGE = YES_ERROR;
				CLANG_WARN_DOCUMENTATION_COMMENTS = YES;
				CLANG_WARN_EMPTY_BODY = YES;
				CLANG_WARN_ENUM_CONVERSION = YES;
				CLANG_WARN_INFINITE_RECURSION = YES;
				CLANG_WARN_INT_CONVERSION = YES;
				CLANG_WARN_NON_LITERAL_NULL_CONVERSION = YES;
				CLANG_WARN_OBJC_IMPLICIT_RETAIN_SELF = YES;
				CLANG_WARN_OBJC_LITERAL_CONVERSION = YES;
				CLANG_WARN_OBJC_ROOT_CLASS = YES_ERROR;
				CLANG_WARN_QUOTED_INCLUDE_IN_FRAMEWORK_HEADER = YES;
				CLANG_WARN_RANGE_LOOP_ANALYSIS = YES;
				CLANG_WARN_STRICT_PROTOTYPES = YES;
				CLANG_WARN_SUSPICIOUS_MOVE = YES;
				CLANG_WARN_UNGUARDED_AVAILABILITY = YES_AGGRESSIVE;
				CLANG_WARN_UNREACHABLE_CODE = YES;
				CLANG_WARN__DUPLICATE_METHOD_MATCH = YES;
				COPY_PHASE_STRIP = NO;
				DEBUG_INFORMATION_FORMAT = dwarf;
				ENABLE_STRICT_OBJC_MSGSEND = YES;
				ENABLE_TESTABILITY = YES;
				ENABLE_USER_SCRIPT_SANDBOXING = YES;
				GCC_C_LANGUAGE_STANDARD = gnu17;
				GCC_DYNAMIC_NO_PIC = NO;
				GCC_NO_COMMON_BLOCKS = YES;
				GCC_OPTIMIZATION_LEVEL = 0;
				GCC_PREPROCESSOR_DEFINITIONS = (
					"DEBUG=1",
					"$(inherited)",
				);
				GCC_WARN_64_TO_32_BIT_CONVERSION = YES;
				GCC_WARN_ABOUT_RETURN_TYPE = YES_ERROR;
				GCC_WARN_UNDECLARED_SELECTOR = YES;
				GCC_WARN_UNINITIALIZED_AUTOS = YES_AGGRESSIVE;
				GCC_WARN_UNUSED_FUNCTION = YES;
				GCC_WARN_UNUSED_VARIABLE = YES;
				IPHONEOS_DEPLOYMENT_TARGET = 17.0;
				LOCALIZATION_PREFERS_STRING_CATALOGS = YES;
				MTL_ENABLE_DEBUG_INFO = INCLUDE_SOURCE;
				MTL_FAST_MATH = YES;
				ONLY_ACTIVE_ARCH = YES;
				SDKROOT = iphoneos;
				SWIFT_ACTIVE_COMPILATION_CONDITIONS = "DEBUG $(inherited)";
				SWIFT_OPTIMIZATION_LEVEL = "-Onone";
			};
			name = Debug;
		};
		D3B613AD2AB29F88007BFFF7 /* Release */ = {
			isa = XCBuildConfiguration;
			buildSettings = {
				ALWAYS_SEARCH_USER_PATHS = NO;
				ASSETCATALOG_COMPILER_GENERATE_SWIFT_ASSET_SYMBOL_EXTENSIONS = YES;
				CLANG_ANALYZER_NONNULL = YES;
				CLANG_ANALYZER_NUMBER_OBJECT_CONVERSION = YES_AGGRESSIVE;
				CLANG_CXX_LANGUAGE_STANDARD = "gnu++20";
				CLANG_ENABLE_MODULES = YES;
				CLANG_ENABLE_OBJC_ARC = YES;
				CLANG_ENABLE_OBJC_WEAK = YES;
				CLANG_WARN_BLOCK_CAPTURE_AUTORELEASING = YES;
				CLANG_WARN_BOOL_CONVERSION = YES;
				CLANG_WARN_COMMA = YES;
				CLANG_WARN_CONSTANT_CONVERSION = YES;
				CLANG_WARN_DEPRECATED_OBJC_IMPLEMENTATIONS = YES;
				CLANG_WARN_DIRECT_OBJC_ISA_USAGE = YES_ERROR;
				CLANG_WARN_DOCUMENTATION_COMMENTS = YES;
				CLANG_WARN_EMPTY_BODY = YES;
				CLANG_WARN_ENUM_CONVERSION = YES;
				CLANG_WARN_INFINITE_RECURSION = YES;
				CLANG_WARN_INT_CONVERSION = YES;
				CLANG_WARN_NON_LITERAL_NULL_CONVERSION = YES;
				CLANG_WARN_OBJC_IMPLICIT_RETAIN_SELF = YES;
				CLANG_WARN_OBJC_LITERAL_CONVERSION = YES;
				CLANG_WARN_OBJC_ROOT_CLASS = YES_ERROR;
				CLANG_WARN_QUOTED_INCLUDE_IN_FRAMEWORK_HEADER = YES;
				CLANG_WARN_RANGE_LOOP_ANALYSIS = YES;
				CLANG_WARN_STRICT_PROTOTYPES = YES;
				CLANG_WARN_SUSPICIOUS_MOVE = YES;
				CLANG_WARN_UNGUARDED_AVAILABILITY = YES_AGGRESSIVE;
				CLANG_WARN_UNREACHABLE_CODE = YES;
				CLANG_WARN__DUPLICATE_METHOD_MATCH = YES;
				COPY_PHASE_STRIP = NO;
				DEBUG_INFORMATION_FORMAT = "dwarf-with-dsym";
				ENABLE_NS_ASSERTIONS = NO;
				ENABLE_STRICT_OBJC_MSGSEND = YES;
				ENABLE_USER_SCRIPT_SANDBOXING = YES;
				GCC_C_LANGUAGE_STANDARD = gnu17;
				GCC_NO_COMMON_BLOCKS = YES;
				GCC_WARN_64_TO_32_BIT_CONVERSION = YES;
				GCC_WARN_ABOUT_RETURN_TYPE = YES_ERROR;
				GCC_WARN_UNDECLARED_SELECTOR = YES;
				GCC_WARN_UNINITIALIZED_AUTOS = YES_AGGRESSIVE;
				GCC_WARN_UNUSED_FUNCTION = YES;
				GCC_WARN_UNUSED_VARIABLE = YES;
				IPHONEOS_DEPLOYMENT_TARGET = 17.0;
				LOCALIZATION_PREFERS_STRING_CATALOGS = YES;
				MTL_ENABLE_DEBUG_INFO = NO;
				MTL_FAST_MATH = YES;
				SDKROOT = iphoneos;
				SWIFT_COMPILATION_MODE = wholemodule;
				VALIDATE_PRODUCT = YES;
			};
			name = Release;
		};
		D3B613AF2AB29F88007BFFF7 /* Debug */ = {
			isa = XCBuildConfiguration;
			buildSettings = {
				ASSETCATALOG_COMPILER_APPICON_NAME = AppIcon;
				ASSETCATALOG_COMPILER_GLOBAL_ACCENT_COLOR_NAME = AccentColor;
				CODE_SIGN_STYLE = Automatic;
				CURRENT_PROJECT_VERSION = 1;
				DEVELOPMENT_ASSET_PATHS = "\"Dungeon Crawl/Preview Content\"";
				DEVELOPMENT_TEAM = BK28MGPK85;
				ENABLE_PREVIEWS = YES;
				GENERATE_INFOPLIST_FILE = YES;
				INFOPLIST_KEY_LSApplicationCategoryType = "public.app-category.productivity";
				INFOPLIST_KEY_UIApplicationSceneManifest_Generation = YES;
				INFOPLIST_KEY_UIApplicationSupportsIndirectInputEvents = YES;
				INFOPLIST_KEY_UILaunchScreen_Generation = YES;
				INFOPLIST_KEY_UISupportedInterfaceOrientations_iPad = "UIInterfaceOrientationPortrait UIInterfaceOrientationPortraitUpsideDown UIInterfaceOrientationLandscapeLeft UIInterfaceOrientationLandscapeRight";
				INFOPLIST_KEY_UISupportedInterfaceOrientations_iPhone = "UIInterfaceOrientationPortrait UIInterfaceOrientationLandscapeLeft UIInterfaceOrientationLandscapeRight";
				LD_RUNPATH_SEARCH_PATHS = (
					"$(inherited)",
					"@executable_path/Frameworks",
				);
				MARKETING_VERSION = 1.0;
				PRODUCT_BUNDLE_IDENTIFIER = "com.monicagalan.Dungeon-Crawl";
				PRODUCT_NAME = "$(TARGET_NAME)";
				SWIFT_EMIT_LOC_STRINGS = YES;
				SWIFT_VERSION = 5.0;
				TARGETED_DEVICE_FAMILY = "1,2";
			};
			name = Debug;
		};
		D3B613B02AB29F88007BFFF7 /* Release */ = {
			isa = XCBuildConfiguration;
			buildSettings = {
				ASSETCATALOG_COMPILER_APPICON_NAME = AppIcon;
				ASSETCATALOG_COMPILER_GLOBAL_ACCENT_COLOR_NAME = AccentColor;
				CODE_SIGN_STYLE = Automatic;
				CURRENT_PROJECT_VERSION = 1;
				DEVELOPMENT_ASSET_PATHS = "\"Dungeon Crawl/Preview Content\"";
				DEVELOPMENT_TEAM = BK28MGPK85;
				ENABLE_PREVIEWS = YES;
				GENERATE_INFOPLIST_FILE = YES;
				INFOPLIST_KEY_LSApplicationCategoryType = "public.app-category.productivity";
				INFOPLIST_KEY_UIApplicationSceneManifest_Generation = YES;
				INFOPLIST_KEY_UIApplicationSupportsIndirectInputEvents = YES;
				INFOPLIST_KEY_UILaunchScreen_Generation = YES;
				INFOPLIST_KEY_UISupportedInterfaceOrientations_iPad = "UIInterfaceOrientationPortrait UIInterfaceOrientationPortraitUpsideDown UIInterfaceOrientationLandscapeLeft UIInterfaceOrientationLandscapeRight";
				INFOPLIST_KEY_UISupportedInterfaceOrientations_iPhone = "UIInterfaceOrientationPortrait UIInterfaceOrientationLandscapeLeft UIInterfaceOrientationLandscapeRight";
				LD_RUNPATH_SEARCH_PATHS = (
					"$(inherited)",
					"@executable_path/Frameworks",
				);
				MARKETING_VERSION = 1.0;
				PRODUCT_BUNDLE_IDENTIFIER = "com.monicagalan.Dungeon-Crawl";
				PRODUCT_NAME = "$(TARGET_NAME)";
				SWIFT_EMIT_LOC_STRINGS = YES;
				SWIFT_VERSION = 5.0;
				TARGETED_DEVICE_FAMILY = "1,2";
			};
			name = Release;
		};
/* End XCBuildConfiguration section */

/* Begin XCConfigurationList section */
		D3B613992AB29F87007BFFF7 /* Build configuration list for PBXProject "Dungeon Crawl" */ = {
			isa = XCConfigurationList;
			buildConfigurations = (
				D3B613AC2AB29F88007BFFF7 /* Debug */,
				D3B613AD2AB29F88007BFFF7 /* Release */,
			);
			defaultConfigurationIsVisible = 0;
			defaultConfigurationName = Release;
		};
		D3B613AE2AB29F88007BFFF7 /* Build configuration list for PBXNativeTarget "Dungeon Crawl" */ = {
			isa = XCConfigurationList;
			buildConfigurations = (
				D3B613AF2AB29F88007BFFF7 /* Debug */,
				D3B613B02AB29F88007BFFF7 /* Release */,
			);
			defaultConfigurationIsVisible = 0;
			defaultConfigurationName = Release;
		};
/* End XCConfigurationList section */
	};
	rootObject = D3B613962AB29F87007BFFF7 /* Project object */;
}
